github.com/PacktPublishing/Go-Programming-Cookbook-Second-Edition/chapter1/interfaces v0.0.0-20230130081155-ea3c94a784b0 h1:g8nhNh29r1zc9tyXvu69FWuPOwkD1PvGgY+R6klt0Bw=
github.com/PacktPublishing/Go-Programming-Cookbook-Second-Edition/chapter1/interfaces v0.0.0-20230130081155-ea3c94a784b0/go.mod h1:ruibZj1iMftQOpE2hJ0fHKuErlgTlPQxihgo9M872I0=
